Microsoft Visual Studio Solution File, Format Version 12.00
# Visual Studio Version 17
VisualStudioVersion = 17.5.2.0
MinimumVisualStudioVersion = 10.0.40219.1
Project("{FAE04EC0-301F-11D3-BF4B-00C04F79EFBC}") = "MinhaApi31", "MinhaApi31.csproj", "{0AC919BF-AD2E-0740-D031-8D3482254EFB}"
EndProject
Global
	GlobalSection(SolutionConfigurationPlatforms) = preSolution
		Debug|Any CPU = Debug|Any CPU
		Release|Any CPU = Release|Any CPU
	EndGlobalSection
	GlobalSection(ProjectConfigurationPlatforms) = postSolution
		{0AC919BF-AD2E-0740-D031-8D3482254EFB}.Debug|Any CPU.ActiveCfg = Debug|Any CPU
		{0AC919BF-AD2E-0740-D031-8D3482254EFB}.Debug|Any CPU.Build.0 = Debug|Any CPU
		{0AC919BF-AD2E-0740-D031-8D3482254EFB}.Release|Any CPU.ActiveCfg = Release|Any CPU
		{0AC919BF-AD2E-0740-D031-8D3482254EFB}.Release|Any CPU.Build.0 = Release|Any CPU
	EndGlobalSection
	GlobalSection(SolutionProperties) = preSolution
		HideSolutionNode = FALSE
	EndGlobalSection
	GlobalSection(ExtensibilityGlobals) = postSolution
		SolutionGuid = {48CB5A33-B67B-47DB-B65E-26224B0F4070}
	EndGlobalSection
EndGlobal
